# THIS IS AN AUTOGENERATED FILE. DO NOT EDIT THIS FILE DIRECTLY.
# yarn lockfile v1


"@codecb/node-loader@^0.0.5":
  version "0.0.5"
  resolved "https://registry.npmjs.org/@codecb/node-loader/-/node-loader-0.0.5.tgz#030d5e1d6024b4212e5d530b32b1f987c5ac63ac"
  integrity sha512-3m9v9yAZCQ5iPYhcZsZjsBIjkS8C+r29ZDlY8LJ/Vwbeco6s7P5xwaVdGbcevUmM6nL9iCXrVMsFA1tCSSiNRQ==

"@codecb/tsconfigs@^0.0.3":
  version "0.0.3"
  resolved "https://registry.npmjs.org/@codecb/tsconfigs/-/tsconfigs-0.0.3.tgz#b688733b760c43b6715d85797414d2d71f8622df"
  integrity sha512-jcy4YmxFIXwiu5wATWqgwZEzVrGYembBhFmbYvHVZzCGxPNdAOPa9U1R8oP3sccEJ8b/kDzOx0QRnUlQLQ2JoA==

"@types/node@^16.11.36":
  version "16.11.36"
  resolved "https://registry.npmjs.org/@types/node/-/node-16.11.36.tgz#9ab9f8276987132ed2b225cace2218ba794fc751"
  integrity sha512-FR5QJe+TaoZ2GsMHkjuwoNabr+UrJNRr2HNOo+r/7vhcuntM6Ee/pRPOnRhhL2XE9OOvX9VLEq+BcXl3VjNoWA==

prettier@^2.6.2:
  version "2.6.2"
  resolved "https://registry.npmjs.org/prettier/-/prettier-2.6.2.tgz#e26d71a18a74c3d0f0597f55f01fb6c06c206032"
  integrity sha512-PkUpF+qoXTqhOeWL9fu7As8LXsIUZ1WYaJiY/a7McAQzxjk82OF0tibkFXVCDImZtWxbvojFjerkiLb0/q8mew==

typescript@^4.7.2:
  version "4.7.2"
  resolved "https://registry.npmjs.org/typescript/-/typescript-4.7.2.tgz#1f9aa2ceb9af87cca227813b4310fff0b51593c4"
  integrity sha512-Mamb1iX2FDUpcTRzltPxgWMKy3fhg0TN378ylbktPGPK/99KbDtMQ4W1hwgsbPAsG3a0xKa1vmw4VKZQbkvz5A==
