# THIS IS AN AUTOGENERATED FILE. DO NOT EDIT THIS FILE DIRECTLY.
# yarn lockfile v1


"@codecb/node-loader@^0.0.7":
  version "0.0.7"
  resolved "https://registry.npmjs.org/@codecb/node-loader/-/node-loader-0.0.7.tgz#c1016e064f2eb54eb3922add6d9df120b7968327"
  integrity sha512-jH/JoMGjD0f6Xxvc2uZkv6Ur0o52uTu+N3vb26uibbXutIar16fc/NOHmChJnrRemn8l+gFYrYURMpA7a7hAFQ==

"@codecb/prettierrc@0.0.1":
  version "0.0.1"
  resolved "https://registry.npmjs.org/@codecb/prettierrc/-/prettierrc-0.0.1.tgz#11cf15436b9a2ce36b632a39b877df85c2fa4364"
  integrity sha512-yWsYW1SJEJ49i2E8R10R6a73jvFc5FfuwzNR6PQnCgKrs3fa3lf8fEhsSNaTefw+jTWPLOU4EjBJAgQ24c/mmA==

"@codecb/tsconfigs@^0.0.8":
  version "0.0.8"
  resolved "https://registry.npmjs.org/@codecb/tsconfigs/-/tsconfigs-0.0.8.tgz#461e32a57932bcccf6b4d0e59946986a35a2eb53"
  integrity sha512-Um3zFnyUeg7XO7dYOpo0j0wx41otAl1ezer6vjHhhQrYjb/rev2cSEwplq+16YfGcFx0UPg2twYNXP4NRIOOeQ==

"@types/node@^18.0.6":
  version "18.0.6"
  resolved "https://registry.npmjs.org/@types/node/-/node-18.0.6.tgz#0ba49ac517ad69abe7a1508bc9b3a5483df9d5d7"
  integrity sha512-/xUq6H2aQm261exT6iZTMifUySEt4GR5KX8eYyY+C4MSNPqSh9oNIP7tz2GLKTlFaiBbgZNxffoR3CVRG+cljw==

prettier@^2.7.1:
  version "2.7.1"
  resolved "https://registry.npmjs.org/prettier/-/prettier-2.7.1.tgz#e235806850d057f97bb08368a4f7d899f7760c64"
  integrity sha512-ujppO+MkdPqoVINuDFDRLClm7D78qbDt0/NR+wp5FqEZOoTNAjPHWj17QRhu7geIHJfcNhRk1XVQmF8Bp3ye+g==

typescript@^4.7.4:
  version "4.7.4"
  resolved "https://registry.npmjs.org/typescript/-/typescript-4.7.4.tgz#1a88596d1cf47d59507a1bcdfb5b9dfe4d488235"
  integrity sha512-C0WQT0gezHuw6AdY1M2jxUO83Rjf0HP7Sk1DtXj6j1EwkQNZrHAg2XPWlq62oqEhYvONq5pkC2Y9oPljWToLmQ==
